// !$*UTF8*$!
{
	archiveVersion = 1;
	classes = {
	};
	objectVersion = 50;
	objects = {

/* Begin PBXBuildFile section */
		495D68382632000700EC344D /* AppDelegate.swift in Sources */ = {isa = PBXBuildFile; fileRef = 495D68372632000700EC344D /* AppDelegate.swift */; };
		495D683A2632000700EC344D /* SceneDelegate.swift in Sources */ = {isa = PBXBuildFile; fileRef = 495D68392632000700EC344D /* SceneDelegate.swift */; };
		495D683C2632000700EC344D /* ViewController.swift in Sources */ = {isa = PBXBuildFile; fileRef = 495D683B2632000700EC344D /* ViewController.swift */; };
		495D683F2632000700EC344D /* Main.storyboard in Resources */ = {isa = PBXBuildFile; fileRef = 495D683D2632000700EC344D /* Main.storyboard */; };
		495D68422632000700EC344D /* Feedback_App.xcdatamodeld in Sources */ = {isa = PBXBuildFile; fileRef = 495D68402632000700EC344D /* Feedback_App.xcdatamodeld */; };
		495D68442632000A00EC344D /* Assets.xcassets in Resources */ = {isa = PBXBuildFile; fileRef = 495D68432632000A00EC344D /* Assets.xcassets */; };
		495D68472632000A00EC344D /* LaunchScreen.storyboard in Resources */ = {isa = PBXBuildFile; fileRef = 495D68452632000A00EC344D /* LaunchScreen.storyboard */; };
/* End PBXBuildFile section */

/* Begin PBXFileReference section */
		495D68342632000700EC344D /* Feedback App.app */ = {isa = PBXFileReference; explicitFileType = wrapper.application; includeInIndex = 0; path = "Feedback App.app"; sourceTree = BUILT_PRODUCTS_DIR; };
		495D68372632000700EC344D /* AppDelegate.swift */ = {isa = PBXFileReference; lastKnownFileType = sourcecode.swift; path = AppDelegate.swift; sourceTree = "<group>"; };
		495D68392632000700EC344D /* SceneDelegate.swift */ = {isa = PBXFileReference; lastKnownFileType = sourcecode.swift; path = SceneDelegate.swift; sourceTree = "<group>"; };
		495D683B2632000700EC344D /* ViewController.swift */ = {isa = PBXFileReference; lastKnownFileType = sourcecode.swift; path = ViewController.swift; sourceTree = "<group>"; };
		495D683E2632000700EC344D /* Base */ = {isa = PBXFileReference; lastKnownFileType = file.storyboard; name = Base; path = Base.lproj/Main.storyboard; sourceTree = "<group>"; };
		495D68412632000700EC344D /* Feedback_App.xcdatamodel */ = {isa = PBXFileReference; lastKnownFileType = wrapper.xcdatamodel; path = Feedback_App.xcdatamodel; sourceTree = "<group>"; };
		495D68432632000A00EC344D /* Assets.xcassets */ = {isa = PBXFileReference; lastKnownFileType = folder.assetcatalog; path = Assets.xcassets; sourceTree = "<group>"; };
		495D68462632000A00EC344D /* Base */ = {isa = PBXFileReference; lastKnownFileType = file.storyboard; name = Base; path = Base.lproj/LaunchScreen.storyboard; sourceTree = "<group>"; };
		495D68482632000A00EC344D /* Info.plist */ = {isa = PBXFileReference; lastKnownFileType = text.plist.xml; path = Info.plist; sourceTree = "<group>"; };
/* End PBXFileReference section */

/* Begin PBXFrameworksBuildPhase section */
		495D68312632000700EC344D /* Frameworks */ = {
			isa = PBXFrameworksBuildPhase;
			buildActionMask = 2147483647;
			files = (
			);
			runOnlyForDeploymentPostprocessing = 0;
		};
/* End PBXFrameworksBuildPhase section */

/* Begin PBXGroup section */
		495D682B2632000700EC344D = {
			isa = PBXGroup;
			children = (
				495D68362632000700EC344D /* Feedback App */,
				495D68352632000700EC344D /* Products */,
			);
			sourceTree = "<group>";
		};
		495D68352632000700EC344D /* Products */ = {
			isa = PBXGroup;
			children = (
				495D68342632000700EC344D /* Feedback App.app */,
			);
			name = Products;
			sourceTree = "<group>";
		};
		495D68362632000700EC344D /* Feedback App */ = {
			isa = PBXGroup;
			children = (
				495D68372632000700EC344D /* AppDelegate.swift */,
				495D68392632000700EC344D /* SceneDelegate.swift */,
				495D683B2632000700EC344D /* ViewController.swift */,
				495D683D2632000700EC344D /* Main.storyboard */,
				495D68432632000A00EC344D /* Assets.xcassets */,
				495D68452632000A00EC344D /* LaunchScreen.storyboard */,
				495D68482632000A00EC344D /* Info.plist */,
				495D68402632000700EC344D /* Feedback_App.xcdatamodeld */,
			);
			path = "Feedback App";
			sourceTree = "<group>";
		};
/* End PBXGroup section */

/* Begin PBXNativeTarget section */
		495D68332632000700EC344D /* Feedback App */ = {
			isa = PBXNativeTarget;
			buildConfigurationList = 495D684B2632000A00EC344D /* Build configuration list for PBXNativeTarget "Feedback App" */;
			buildPhases = (
				495D68302632000700EC344D /* Sources */,
				495D68312632000700EC344D /* Frameworks */,
				495D68322632000700EC344D /* Resources */,
			);
			buildRules = (
			);
			dependencies = (
			);
			name = "Feedback App";
			productName = "Feedback App";
			productReference = 495D68342632000700EC344D /* Feedback App.app */;
			productType = "com.apple.product-type.application";
		};
/* End PBXNativeTarget section */

/* Begin PBXProject section */
		495D682C2632000700EC344D /* Project object */ = {
			isa = PBXProject;
			attributes = {
				LastSwiftUpdateCheck = 1240;
				LastUpgradeCheck = 1240;
				TargetAttributes = {
					495D68332632000700EC344D = {
						CreatedOnToolsVersion = 12.4;
					};
				};
			};
			buildConfigurationList = 495D682F2632000700EC344D /* Build configuration list for PBXProject "Feedback App" */;
			compatibilityVersion = "Xcode 9.3";
			developmentRegion = en;
			hasScannedForEncodings = 0;
			knownRegions = (
				en,
				Base,
			);
			mainGroup = 495D682B2632000700EC344D;
			productRefGroup = 495D68352632000700EC344D /* Products */;
			projectDirPath = "";
			projectRoot = "";
			targets = (
				495D68332632000700EC344D /* Feedback App */,
			);
		};
/* End PBXProject section */

/* Begin PBXResourcesBuildPhase section */
		495D68322632000700EC344D /* Resources */ = {
			isa = PBXResourcesBuildPhase;
			buildActionMask = 2147483647;
			files = (
				495D68472632000A00EC344D /* LaunchScreen.storyboard in Resources */,
				495D68442632000A00EC344D /* Assets.xcassets in Resources */,
				495D683F2632000700EC344D /* Main.storyboard in Resources */,
			);
			runOnlyForDeploymentPostprocessing = 0;
		};
/* End PBXResourcesBuildPhase section */

/* Begin PBXSourcesBuildPhase section */
		495D68302632000700EC344D /* Sources */ = {
			isa = PBXSourcesBuildPhase;
			buildActionMask = 2147483647;
			files = (
				495D683C2632000700EC344D /* ViewController.swift in Sources */,
				495D68382632000700EC344D /* AppDelegate.swift in Sources */,
				495D68422632000700EC344D /* Feedback_App.xcdatamodeld in Sources */,
				495D683A2632000700EC344D /* SceneDelegate.swift in Sources */,
			);
			runOnlyForDeploymentPostprocessing = 0;
		};
/* End PBXSourcesBuildPhase section */

/* Begin PBXVariantGroup section */
		495D683D2632000700EC344D /* Main.storyboard */ = {
			isa = PBXVariantGroup;
			children = (
				495D683E2632000700EC344D /* Base */,
			);
			name = Main.storyboard;
			sourceTree = "<group>";
		};
		495D68452632000A00EC344D /* LaunchScreen.storyboard */ = {
			isa = PBXVariantGroup;
			children = (
				495D68462632000A00EC344D /* Base */,
			);
			name = LaunchScreen.storyboard;
			sourceTree = "<group>";
		};
/* End PBXVariantGroup section */

/* Begin XCBuildConfiguration section */
		495D68492632000A00EC344D /* Debug */ = {
			isa = XCBuildConfiguration;
			buildSettings = {
				ALWAYS_SEARCH_USER_PATHS = NO;
				CLANG_ANALYZER_NONNULL = YES;
				CLANG_ANALYZER_NUMBER_OBJECT_CONVERSION = YES_AGGRESSIVE;
				CLANG_CXX_LANGUAGE_STANDARD = "gnu++14";
				CLANG_CXX_LIBRARY = "libc++";
				CLANG_ENABLE_MODULES = YES;
				CLANG_ENABLE_OBJC_ARC = YES;
				CLANG_ENABLE_OBJC_WEAK = YES;
				CLANG_WARN_BLOCK_CAPTURE_AUTORELEASING = YES;
				CLANG_WARN_BOOL_CONVERSION = YES;
				CLANG_WARN_COMMA = YES;
				CLANG_WARN_CONSTANT_CONVERSION = YES;
				CLANG_WARN_DEPRECATED_OBJC_IMPLEMENTATIONS = YES;
				CLANG_WARN_DIRECT_OBJC_ISA_USAGE = YES_ERROR;
				CLANG_WARN_DOCUMENTATION_COMMENTS = YES;
				CLANG_WARN_EMPTY_BODY = YES;
				CLANG_WARN_ENUM_CONVERSION = YES;
				CLANG_WARN_INFINITE_RECURSION = YES;
				CLANG_WARN_INT_CONVERSION = YES;
				CLANG_WARN_NON_LITERAL_NULL_CONVERSION = YES;
				CLANG_WARN_OBJC_IMPLICIT_RETAIN_SELF = YES;
				CLANG_WARN_OBJC_LITERAL_CONVERSION = YES;
				CLANG_WARN_OBJC_ROOT_CLASS = YES_ERROR;
				CLANG_WARN_QUOTED_INCLUDE_IN_FRAMEWORK_HEADER = YES;
				CLANG_WARN_RANGE_LOOP_ANALYSIS = YES;
				CLANG_WARN_STRICT_PROTOTYPES = YES;
				CLANG_WARN_SUSPICIOUS_MOVE = YES;
				CLANG_WARN_UNGUARDED_AVAILABILITY = YES_AGGRESSIVE;
				CLANG_WARN_UNREACHABLE_CODE = YES;
				CLANG_WARN__DUPLICATE_METHOD_MATCH = YES;
				COPY_PHASE_STRIP = NO;
				DEBUG_INFORMATION_FORMAT = dwarf;
				ENABLE_STRICT_OBJC_MSGSEND = YES;
				ENABLE_TESTABILITY = YES;
				GCC_C_LANGUAGE_STANDARD = gnu11;
				GCC_DYNAMIC_NO_PIC = NO;
				GCC_NO_COMMON_BLOCKS = YES;
				GCC_OPTIMIZATION_LEVEL = 0;
				GCC_PREPROCESSOR_DEFINITIONS = (
					"DEBUG=1",
					"$(inherited)",
				);
				GCC_WARN_64_TO_32_BIT_CONVERSION = YES;
				GCC_WARN_ABOUT_RETURN_TYPE = YES_ERROR;
				GCC_WARN_UNDECLARED_SELECTOR = YES;
				GCC_WARN_UNINITIALIZED_AUTOS = YES_AGGRESSIVE;
				GCC_WARN_UNUSED_FUNCTION = YES;
				GCC_WARN_UNUSED_VARIABLE = YES;
				IPHONEOS_DEPLOYMENT_TARGET = 14.4;
				MTL_ENABLE_DEBUG_INFO = INCLUDE_SOURCE;
				MTL_FAST_MATH = YES;
				ONLY_ACTIVE_ARCH = YES;
				SDKROOT = iphoneos;
				SWIFT_ACTIVE_COMPILATION_CONDITIONS = DEBUG;
				SWIFT_OPTIMIZATION_LEVEL = "-Onone";
			};
			name = Debug;
		};
		495D684A2632000A00EC344D /* Release */ = {
			isa = XCBuildConfiguration;
			buildSettings = {
				ALWAYS_SEARCH_USER_PATHS = NO;
				CLANG_ANALYZER_NONNULL = YES;
				CLANG_ANALYZER_NUMBER_OBJECT_CONVERSION = YES_AGGRESSIVE;
				CLANG_CXX_LANGUAGE_STANDARD = "gnu++14";
				CLANG_CXX_LIBRARY = "libc++";
				CLANG_ENABLE_MODULES = YES;
				CLANG_ENABLE_OBJC_ARC = YES;
				CLANG_ENABLE_OBJC_WEAK = YES;
				CLANG_WARN_BLOCK_CAPTURE_AUTORELEASING = YES;
				CLANG_WARN_BOOL_CONVERSION = YES;
				CLANG_WARN_COMMA = YES;
				CLANG_WARN_CONSTANT_CONVERSION = YES;
				CLANG_WARN_DEPRECATED_OBJC_IMPLEMENTATIONS = YES;
				CLANG_WARN_DIRECT_OBJC_ISA_USAGE = YES_ERROR;
				CLANG_WARN_DOCUMENTATION_COMMENTS = YES;
				CLANG_WARN_EMPTY_BODY = YES;
				CLANG_WARN_ENUM_CONVERSION = YES;
				CLANG_WARN_INFINITE_RECURSION = YES;
				CLANG_WARN_INT_CONVERSION = YES;
				CLANG_WARN_NON_LITERAL_NULL_CONVERSION = YES;
				CLANG_WARN_OBJC_IMPLICIT_RETAIN_SELF = YES;
				CLANG_WARN_OBJC_LITERAL_CONVERSION = YES;
				CLANG_WARN_OBJC_ROOT_CLASS = YES_ERROR;
				CLANG_WARN_QUOTED_INCLUDE_IN_FRAMEWORK_HEADER = YES;
				CLANG_WARN_RANGE_LOOP_ANALYSIS = YES;
				CLANG_WARN_STRICT_PROTOTYPES = YES;
				CLANG_WARN_SUSPICIOUS_MOVE = YES;
				CLANG_WARN_UNGUARDED_AVAILABILITY = YES_AGGRESSIVE;
				CLANG_WARN_UNREACHABLE_CODE = YES;
				CLANG_WARN__DUPLICATE_METHOD_MATCH = YES;
				COPY_PHASE_STRIP = NO;
				DEBUG_INFORMATION_FORMAT = "dwarf-with-dsym";
				ENABLE_NS_ASSERTIONS = NO;
				ENABLE_STRICT_OBJC_MSGSEND = YES;
				GCC_C_LANGUAGE_STANDARD = gnu11;
				GCC_NO_COMMON_BLOCKS = YES;
				GCC_WARN_64_TO_32_BIT_CONVERSION = YES;
				GCC_WARN_ABOUT_RETURN_TYPE = YES_ERROR;
				GCC_WARN_UNDECLARED_SELECTOR = YES;
				GCC_WARN_UNINITIALIZED_AUTOS = YES_AGGRESSIVE;
				GCC_WARN_UNUSED_FUNCTION = YES;
				GCC_WARN_UNUSED_VARIABLE = YES;
				IPHONEOS_DEPLOYMENT_TARGET = 14.4;
				MTL_ENABLE_DEBUG_INFO = NO;
				MTL_FAST_MATH = YES;
				SDKROOT = iphoneos;
				SWIFT_COMPILATION_MODE = wholemodule;
				SWIFT_OPTIMIZATION_LEVEL = "-O";
				VALIDATE_PRODUCT = YES;
			};
			name = Release;
		};
		495D684C2632000A00EC344D /* Debug */ = {
			isa = XCBuildConfiguration;
			buildSettings = {
				ASSETCATALOG_COMPILER_APPICON_NAME = AppIcon;
				ASSETCATALOG_COMPILER_GLOBAL_ACCENT_COLOR_NAME = AccentColor;
				CODE_SIGN_STYLE = Automatic;
				INFOPLIST_FILE = "Feedback App/Info.plist";
				LD_RUNPATH_SEARCH_PATHS = (
					"$(inherited)",
					"@executable_path/Frameworks",
				);
				PRODUCT_BUNDLE_IDENTIFIER = "KH.Feedback-App";
				PRODUCT_NAME = "$(TARGET_NAME)";
				SWIFT_VERSION = 5.0;
				TARGETED_DEVICE_FAMILY = "1,2";
			};
			name = Debug;
		};
		495D684D2632000A00EC344D /* Release */ = {
			isa = XCBuildConfiguration;
			buildSettings = {
				ASSETCATALOG_COMPILER_APPICON_NAME = AppIcon;
				ASSETCATALOG_COMPILER_GLOBAL_ACCENT_COLOR_NAME = AccentColor;
				CODE_SIGN_STYLE = Automatic;
				INFOPLIST_FILE = "Feedback App/Info.plist";
				LD_RUNPATH_SEARCH_PATHS = (
					"$(inherited)",
					"@executable_path/Frameworks",
				);
				PRODUCT_BUNDLE_IDENTIFIER = "KH.Feedback-App";
				PRODUCT_NAME = "$(TARGET_NAME)";
				SWIFT_VERSION = 5.0;
				TARGETED_DEVICE_FAMILY = "1,2";
			};
			name = Release;
		};
/* End XCBuildConfiguration section */

/* Begin XCConfigurationList section */
		495D682F2632000700EC344D /* Build configuration list for PBXProject "Feedback App" */ = {
			isa = XCConfigurationList;
			buildConfigurations = (
				495D68492632000A00EC344D /* Debug */,
				495D684A2632000A00EC344D /* Release */,
			);
			defaultConfigurationIsVisible = 0;
			defaultConfigurationName = Release;
		};
		495D684B2632000A00EC344D /* Build configuration list for PBXNativeTarget "Feedback App" */ = {
			isa = XCConfigurationList;
			buildConfigurations = (
				495D684C2632000A00EC344D /* Debug */,
				495D684D2632000A00EC344D /* Release */,
			);
			defaultConfigurationIsVisible = 0;
			defaultConfigurationName = Release;
		};
/* End XCConfigurationList section */

/* Begin XCVersionGroup section */
		495D68402632000700EC344D /* Feedback_App.xcdatamodeld */ = {
			isa = XCVersionGroup;
			children = (
				495D68412632000700EC344D /* Feedback_App.xcdatamodel */,
			);
			currentVersion = 495D68412632000700EC344D /* Feedback_App.xcdatamodel */;
			path = Feedback_App.xcdatamodeld;
			sourceTree = "<group>";
			versionGroupType = wrapper.xcdatamodel;
		};
/* End XCVersionGroup section */
	};
	rootObject = 495D682C2632000700EC344D /* Project object */;
}
